<Solution>
  <Configurations>
    <Platform Name="x64" />
    <Platform Name="x86" />
  </Configurations>
  <Project Path="004_DataType/004_DataType.vcxproj" Id="1df9263b-9432-449c-a895-3d9264f3bfa0" />
  <Project Path="005_Operator/005_Operator.vcxproj" Id="5f79230d-cbba-4fa7-b97b-aa574cedf3a3" />
  <Project Path="008_IfEsle/008_IfEsle.vcxproj" Id="3a40e08e-18be-4c66-9fd8-63ae9dd6af88" />
  <Project Path="010_BitOperator/010_BitOperator.vcxproj" Id="3d2e12e4-a167-4ef9-8af6-f02874119b13" />
  <Project Path="012_Variable/012_Variable.vcxproj" Id="c6b6aa88-1ac9-412e-96d2-ba354554904a" />
  <Project Path="013_Function/013_Function.vcxproj" Id="2a0cd0d2-964a-4965-aed5-0fa72b010442" />
  <Project Path="020_Array/020_Array.vcxproj" Id="afb34a12-4233-4cc2-8044-f14906db388e" />
  <Project Path="021_Struct/021_Struct.vcxproj" Id="af0d6e6a-5272-46d9-9b84-abc7a56f0700" />
  <Project Path="027_Pointer/027_Pointer.vcxproj" Id="402656dc-bcb5-4eda-936a-7c9f1442ab95" />
  <Project Path="030_ConstPointer/030_ConstPointer.vcxproj" Id="665663c2-bf1d-4c8b-9257-f9d905f0bc78" />
  <Project Path="034_String/034_String.vcxproj" Id="1404af1b-a22b-4394-9523-2f2e66ffe211" />
  <Project Path="038_FunctionOverloading/038_FunctionOverloading.vcxproj" Id="39c92706-34e7-4055-81b6-efc33db1950b" />
  <Project Path="039_StringCompare/039_StringCompare.vcxproj" Id="e8003527-ad1d-4b5f-beb0-46afe6cfd4b8" />
  <Project Path="040_StructPointer/040_StructPointer.vcxproj" Id="da365d57-9a9b-4515-8389-575be401d14c" />
  <Project Path="041_DyanmicAllocation_Practice/041_DyanmicAllocation_Practice.vcxproj" Id="747a3303-093c-4dd1-b9cf-414fa538b05c" />
  <Project Path="041_DyanmicAllocation_PracticeAgain/041_DyanmicAllocation_PracticeAgain.vcxproj" Id="e3967488-f428-4a90-a60e-eba2ef91de03" />
  <Project Path="041_DynamicAllocation/041_DynamicAllocation.vcxproj" Id="92f94118-0c66-464e-ad7b-18bae26ed481" />
  <Project Path="045_DynamicAllocationTest/045_DynamicAllocationTest.vcxproj" Id="172e8133-c3f8-4319-99be-08092c15f11e" />
  <Project Path="046_1_BeginAgain/046_1_BeginAgain.vcxproj" Id="335e742e-1540-4301-ad33-49060d5e3273" />
  <Project Path="046_List/046_List.vcxproj" Id="6d543fa2-4aa9-4319-b564-9f5370e471db" />
  <Project Path="testProject/testProject.vcxproj" Id="9c397cfb-b570-4746-ba74-a5774dc47d74" />
</Solution>
